<Solution>
  <Folder Name="/Solution Items/">
    <File Path="src/.editorconfig" />
    <File Path="global.json" />
    <File Path="README.md" />
    <File Path="AGENTS.md" />
  </Folder>
  <Folder Name="/Solution Items/art/" />
  <Folder Name="/Solution Items/art/font/">
    <File Path="art/font/media_font.svg" />
    <File Path="art/font/readme.txt" />
  </Folder>
  <Folder Name="/Solution Items/http/">
    <File Path="http/bluos_app/browse.http" />
    <File Path="http/bluos_app/presets.http" />
    <File Path="src/player.http" />
  </Folder>
  <Project Path="src/BluOsNadRemote.App/BluOsNadRemote.App.csproj">
    <Deploy />
  </Project>
  <Project Path="src/BluOsNadRemote.Blu4Net.Tests/BluOsNadRemote.Blu4Net.Tests.csproj" />
  <Project Path="src/BluOsNadRemote.Blu4Net/BluOsNadRemote.Blu4Net.csproj" />
  <Project Path="src/BluOsNadRemote.Nad4Net/BluOsNadRemote.Nad4Net.csproj" />
  <Project Path="src/ZeroconfTemp/ZeroConfTemp.csproj" />
</Solution>
