
Microsoft Visual Studio Solution File, Format Version 12.00
# Visual Studio Version 17
VisualStudioVersion = 17.4.33213.308
MinimumVisualStudioVersion = 10.0.40219.1
Project("{9A19103F-16F7-4668-BE54-9A1E7A4F7556}") = "BluOsNadRemote.App", "BluOsNadRemote.App\BluOsNadRemote.App.csproj", "{ABF9721C-68E0-49DF-A774-44192F5A8E63}"
EndProject
Project("{9A19103F-16F7-4668-BE54-9A1E7A4F7556}") = "BluOsNadRemote.Nad4Net", "BluOsNadRemote.Nad4Net\BluOsNadRemote.Nad4Net.csproj", "{D9D10E58-6A00-46BD-ACCA-4E74F7C7C281}"
EndProject
Project("{2150E333-8FDC-42A3-9474-1A3956D46DE8}") = "Solution Items", "Solution Items", "{B2EB107F-4B5E-4C2F-B847-FE1792F72BCA}"
	ProjectSection(SolutionItems) = preProject
		.editorconfig = .editorconfig
	EndProjectSection
EndProject
Global
	GlobalSection(SolutionConfigurationPlatforms) = preSolution
		Debug|Any CPU = Debug|Any CPU
		Release|Any CPU = Release|Any CPU
	EndGlobalSection
	GlobalSection(ProjectConfigurationPlatforms) = postSolution
		{ABF9721C-68E0-49DF-A774-44192F5A8E63}.Debug|Any CPU.ActiveCfg = Debug|Any CPU
		{ABF9721C-68E0-49DF-A774-44192F5A8E63}.Debug|Any CPU.Build.0 = Debug|Any CPU
		{ABF9721C-68E0-49DF-A774-44192F5A8E63}.Debug|Any CPU.Deploy.0 = Debug|Any CPU
		{ABF9721C-68E0-49DF-A774-44192F5A8E63}.Release|Any CPU.ActiveCfg = Release|Any CPU
		{ABF9721C-68E0-49DF-A774-44192F5A8E63}.Release|Any CPU.Build.0 = Release|Any CPU
		{ABF9721C-68E0-49DF-A774-44192F5A8E63}.Release|Any CPU.Deploy.0 = Release|Any CPU
		{D9D10E58-6A00-46BD-ACCA-4E74F7C7C281}.Debug|Any CPU.ActiveCfg = Debug|Any CPU
		{D9D10E58-6A00-46BD-ACCA-4E74F7C7C281}.Debug|Any CPU.Build.0 = Debug|Any CPU
		{D9D10E58-6A00-46BD-ACCA-4E74F7C7C281}.Release|Any CPU.ActiveCfg = Release|Any CPU
		{D9D10E58-6A00-46BD-ACCA-4E74F7C7C281}.Release|Any CPU.Build.0 = Release|Any CPU
	EndGlobalSection
	GlobalSection(SolutionProperties) = preSolution
		HideSolutionNode = FALSE
	EndGlobalSection
	GlobalSection(ExtensibilityGlobals) = postSolution
		SolutionGuid = {A5AA33A5-8665-446F-8B03-576526DB3A21}
	EndGlobalSection
EndGlobal
